
Microsoft Visual Studio Solution File, Format Version 12.00
# Visual Studio 15
VisualStudioVersion = 15.0.26730.0
MinimumVisualStudioVersion = 10.0.40219.1
Project("{FAE04EC0-301F-11D3-BF4B-00C04F79EFBC}") = "aehyok.App.Android", "aehyok.App\aehyok.App.Android\aehyok.App.Android.csproj", "{8B7D7139-AE49-4E45-9DC5-66777E446A60}"
EndProject
Project("{FAE04EC0-301F-11D3-BF4B-00C04F79EFBC}") = "aehyok.App", "aehyok.App\aehyok.App\aehyok.App.csproj", "{753BD06A-7CB8-4648-A06F-B082D6B045B2}"
EndProject
Project("{FAE04EC0-301F-11D3-BF4B-00C04F79EFBC}") = "aehyok.App.iOS", "aehyok.App\aehyok.App.iOS\aehyok.App.iOS.csproj", "{0D3F0BB9-BFCC-43BF-8031-700205D06B07}"
EndProject
Global
	GlobalSection(SolutionConfigurationPlatforms) = preSolution
		Ad-Hoc|Any CPU = Ad-Hoc|Any CPU
		Ad-Hoc|iPhone = Ad-Hoc|iPhone
		Ad-Hoc|iPhoneSimulator = Ad-Hoc|iPhoneSimulator
		AppStore|Any CPU = AppStore|Any CPU
		AppStore|iPhone = AppStore|iPhone
		AppStore|iPhoneSimulator = AppStore|iPhoneSimulator
		Debug|Any CPU = Debug|Any CPU
		Debug|iPhone = Debug|iPhone
		Debug|iPhoneSimulator = Debug|iPhoneSimulator
		Release|Any CPU = Release|Any CPU
		Release|iPhone = Release|iPhone
		Release|iPhoneSimulator = Release|iPhoneSimulator
	EndGlobalSection
	GlobalSection(ProjectConfigurationPlatforms) = postSolution
		{8B7D7139-AE49-4E45-9DC5-66777E446A60}.Ad-Hoc|Any CPU.ActiveCfg = Release|Any CPU
		{8B7D7139-AE49-4E45-9DC5-66777E446A60}.Ad-Hoc|Any CPU.Build.0 = Release|Any CPU
		{8B7D7139-AE49-4E45-9DC5-66777E446A60}.Ad-Hoc|Any CPU.Deploy.0 = Release|Any CPU
		{8B7D7139-AE49-4E45-9DC5-66777E446A60}.Ad-Hoc|iPhone.ActiveCfg = Release|Any CPU
		{8B7D7139-AE49-4E45-9DC5-66777E446A60}.Ad-Hoc|iPhone.Build.0 = Release|Any CPU
		{8B7D7139-AE49-4E45-9DC5-66777E446A60}.Ad-Hoc|iPhone.Deploy.0 = Release|Any CPU
		{8B7D7139-AE49-4E45-9DC5-66777E446A60}.Ad-Hoc|iPhoneSimulator.ActiveCfg = Release|Any CPU
		{8B7D7139-AE49-4E45-9DC5-66777E446A60}.Ad-Hoc|iPhoneSimulator.Build.0 = Release|Any CPU
		{8B7D7139-AE49-4E45-9DC5-66777E446A60}.Ad-Hoc|iPhoneSimulator.Deploy.0 = Release|Any CPU
		{8B7D7139-AE49-4E45-9DC5-66777E446A60}.AppStore|Any CPU.ActiveCfg = Release|Any CPU
		{8B7D7139-AE49-4E45-9DC5-66777E446A60}.AppStore|Any CPU.Build.0 = Release|Any CPU
		{8B7D7139-AE49-4E45-9DC5-66777E446A60}.AppStore|Any CPU.Deploy.0 = Release|Any CPU
		{8B7D7139-AE49-4E45-9DC5-66777E446A60}.AppStore|iPhone.ActiveCfg = Release|Any CPU
		{8B7D7139-AE49-4E45-9DC5-66777E446A60}.AppStore|iPhone.Build.0 = Release|Any CPU
		{8B7D7139-AE49-4E45-9DC5-66777E446A60}.AppStore|iPhone.Deploy.0 = Release|Any CPU
		{8B7D7139-AE49-4E45-9DC5-66777E446A60}.AppStore|iPhoneSimulator.ActiveCfg = Release|Any CPU
		{8B7D7139-AE49-4E45-9DC5-66777E446A60}.AppStore|iPhoneSimulator.Build.0 = Release|Any CPU
		{8B7D7139-AE49-4E45-9DC5-66777E446A60}.AppStore|iPhoneSimulator.Deploy.0 = Release|Any CPU
		{8B7D7139-AE49-4E45-9DC5-66777E446A60}.Debug|Any CPU.ActiveCfg = Debug|Any CPU
		{8B7D7139-AE49-4E45-9DC5-66777E446A60}.Debug|Any CPU.Build.0 = Debug|Any CPU
		{8B7D7139-AE49-4E45-9DC5-66777E446A60}.Debug|Any CPU.Deploy.0 = Debug|Any CPU
		{8B7D7139-AE49-4E45-9DC5-66777E446A60}.Debug|iPhone.ActiveCfg = Debug|Any CPU
		{8B7D7139-AE49-4E45-9DC5-66777E446A60}.Debug|iPhone.Build.0 = Debug|Any CPU
		{8B7D7139-AE49-4E45-9DC5-66777E446A60}.Debug|iPhone.Deploy.0 = Debug|Any CPU
		{8B7D7139-AE49-4E45-9DC5-66777E446A60}.Debug|iPhoneSimulator.ActiveCfg = Debug|Any CPU
		{8B7D7139-AE49-4E45-9DC5-66777E446A60}.Debug|iPhoneSimulator.Build.0 = Debug|Any CPU
		{8B7D7139-AE49-4E45-9DC5-66777E446A60}.Debug|iPhoneSimulator.Deploy.0 = Debug|Any CPU
		{8B7D7139-AE49-4E45-9DC5-66777E446A60}.Release|Any CPU.ActiveCfg = Release|Any CPU
		{8B7D7139-AE49-4E45-9DC5-66777E446A60}.Release|Any CPU.Build.0 = Release|Any CPU
		{8B7D7139-AE49-4E45-9DC5-66777E446A60}.Release|Any CPU.Deploy.0 = Release|Any CPU
		{8B7D7139-AE49-4E45-9DC5-66777E446A60}.Release|iPhone.ActiveCfg = Release|Any CPU
		{8B7D7139-AE49-4E45-9DC5-66777E446A60}.Release|iPhone.Build.0 = Release|Any CPU
		{8B7D7139-AE49-4E45-9DC5-66777E446A60}.Release|iPhone.Deploy.0 = Release|Any CPU
		{8B7D7139-AE49-4E45-9DC5-66777E446A60}.Release|iPhoneSimulator.ActiveCfg = Release|Any CPU
		{8B7D7139-AE49-4E45-9DC5-66777E446A60}.Release|iPhoneSimulator.Build.0 = Release|Any CPU
		{8B7D7139-AE49-4E45-9DC5-66777E446A60}.Release|iPhoneSimulator.Deploy.0 = Release|Any CPU
		{753BD06A-7CB8-4648-A06F-B082D6B045B2}.Ad-Hoc|Any CPU.ActiveCfg = Release|Any CPU
		{753BD06A-7CB8-4648-A06F-B082D6B045B2}.Ad-Hoc|Any CPU.Build.0 = Release|Any CPU
		{753BD06A-7CB8-4648-A06F-B082D6B045B2}.Ad-Hoc|iPhone.ActiveCfg = Release|Any CPU
		{753BD06A-7CB8-4648-A06F-B082D6B045B2}.Ad-Hoc|iPhone.Build.0 = Release|Any CPU
		{753BD06A-7CB8-4648-A06F-B082D6B045B2}.Ad-Hoc|iPhoneSimulator.ActiveCfg = Release|Any CPU
		{753BD06A-7CB8-4648-A06F-B082D6B045B2}.Ad-Hoc|iPhoneSimulator.Build.0 = Release|Any CPU
		{753BD06A-7CB8-4648-A06F-B082D6B045B2}.AppStore|Any CPU.ActiveCfg = Release|Any CPU
		{753BD06A-7CB8-4648-A06F-B082D6B045B2}.AppStore|Any CPU.Build.0 = Release|Any CPU
		{753BD06A-7CB8-4648-A06F-B082D6B045B2}.AppStore|iPhone.ActiveCfg = Release|Any CPU
		{753BD06A-7CB8-4648-A06F-B082D6B045B2}.AppStore|iPhone.Build.0 = Release|Any CPU
		{753BD06A-7CB8-4648-A06F-B082D6B045B2}.AppStore|iPhoneSimulator.ActiveCfg = Release|Any CPU
		{753BD06A-7CB8-4648-A06F-B082D6B045B2}.AppStore|iPhoneSimulator.Build.0 = Release|Any CPU
		{753BD06A-7CB8-4648-A06F-B082D6B045B2}.Debug|Any CPU.ActiveCfg = Debug|Any CPU
		{753BD06A-7CB8-4648-A06F-B082D6B045B2}.Debug|Any CPU.Build.0 = Debug|Any CPU
		{753BD06A-7CB8-4648-A06F-B082D6B045B2}.Debug|iPhone.ActiveCfg = Debug|Any CPU
		{753BD06A-7CB8-4648-A06F-B082D6B045B2}.Debug|iPhone.Build.0 = Debug|Any CPU
		{753BD06A-7CB8-4648-A06F-B082D6B045B2}.Debug|iPhoneSimulator.ActiveCfg = Debug|Any CPU
		{753BD06A-7CB8-4648-A06F-B082D6B045B2}.Debug|iPhoneSimulator.Build.0 = Debug|Any CPU
		{753BD06A-7CB8-4648-A06F-B082D6B045B2}.Release|Any CPU.ActiveCfg = Release|Any CPU
		{753BD06A-7CB8-4648-A06F-B082D6B045B2}.Release|Any CPU.Build.0 = Release|Any CPU
		{753BD06A-7CB8-4648-A06F-B082D6B045B2}.Release|iPhone.ActiveCfg = Release|Any CPU
		{753BD06A-7CB8-4648-A06F-B082D6B045B2}.Release|iPhone.Build.0 = Release|Any CPU
		{753BD06A-7CB8-4648-A06F-B082D6B045B2}.Release|iPhoneSimulator.ActiveCfg = Release|Any CPU
		{753BD06A-7CB8-4648-A06F-B082D6B045B2}.Release|iPhoneSimulator.Build.0 = Release|Any CPU
		{0D3F0BB9-BFCC-43BF-8031-700205D06B07}.Ad-Hoc|Any CPU.ActiveCfg = Ad-Hoc|iPhone
		{0D3F0BB9-BFCC-43BF-8031-700205D06B07}.Ad-Hoc|iPhone.ActiveCfg = Ad-Hoc|iPhone
		{0D3F0BB9-BFCC-43BF-8031-700205D06B07}.Ad-Hoc|iPhone.Build.0 = Ad-Hoc|iPhone
		{0D3F0BB9-BFCC-43BF-8031-700205D06B07}.Ad-Hoc|iPhoneSimulator.ActiveCfg = Ad-Hoc|iPhoneSimulator
		{0D3F0BB9-BFCC-43BF-8031-700205D06B07}.Ad-Hoc|iPhoneSimulator.Build.0 = Ad-Hoc|iPhoneSimulator
		{0D3F0BB9-BFCC-43BF-8031-700205D06B07}.AppStore|Any CPU.ActiveCfg = AppStore|iPhone
		{0D3F0BB9-BFCC-43BF-8031-700205D06B07}.AppStore|iPhone.ActiveCfg = AppStore|iPhone
		{0D3F0BB9-BFCC-43BF-8031-700205D06B07}.AppStore|iPhone.Build.0 = AppStore|iPhone
		{0D3F0BB9-BFCC-43BF-8031-700205D06B07}.AppStore|iPhoneSimulator.ActiveCfg = AppStore|iPhoneSimulator
		{0D3F0BB9-BFCC-43BF-8031-700205D06B07}.AppStore|iPhoneSimulator.Build.0 = AppStore|iPhoneSimulator
		{0D3F0BB9-BFCC-43BF-8031-700205D06B07}.Debug|Any CPU.ActiveCfg = Debug|iPhone
		{0D3F0BB9-BFCC-43BF-8031-700205D06B07}.Debug|iPhone.ActiveCfg = Debug|iPhone
		{0D3F0BB9-BFCC-43BF-8031-700205D06B07}.Debug|iPhone.Build.0 = Debug|iPhone
		{0D3F0BB9-BFCC-43BF-8031-700205D06B07}.Debug|iPhoneSimulator.ActiveCfg = Debug|iPhoneSimulator
		{0D3F0BB9-BFCC-43BF-8031-700205D06B07}.Debug|iPhoneSimulator.Build.0 = Debug|iPhoneSimulator
		{0D3F0BB9-BFCC-43BF-8031-700205D06B07}.Release|Any CPU.ActiveCfg = Release|iPhone
		{0D3F0BB9-BFCC-43BF-8031-700205D06B07}.Release|iPhone.ActiveCfg = Release|iPhone
		{0D3F0BB9-BFCC-43BF-8031-700205D06B07}.Release|iPhone.Build.0 = Release|iPhone
		{0D3F0BB9-BFCC-43BF-8031-700205D06B07}.Release|iPhoneSimulator.ActiveCfg = Release|iPhoneSimulator
		{0D3F0BB9-BFCC-43BF-8031-700205D06B07}.Release|iPhoneSimulator.Build.0 = Release|iPhoneSimulator
	EndGlobalSection
	GlobalSection(SolutionProperties) = preSolution
		HideSolutionNode = FALSE
	EndGlobalSection
	GlobalSection(ExtensibilityGlobals) = postSolution
		SolutionGuid = {AF1DB177-8047-4831-A8C2-688163D32B96}
	EndGlobalSection
EndGlobal
